
Microsoft Visual Studio Solution File, Format Version 12.00
# Visual Studio Version 16
VisualStudioVersion = 16.0.31025.194
MinimumVisualStudioVersion = 10.0.40219.1
Project("{FAE04EC0-301F-11D3-BF4B-00C04F79EFBC}") = "Domain", "DomainLayer\Domain.csproj", "{F7F5EC7A-38CF-4147-90BE-6DC662C5D722}"
EndProject
Project("{FAE04EC0-301F-11D3-BF4B-00C04F79EFBC}") = "Services", "Services\Services.csproj", "{EB4F0D73-30EF-418F-8108-29BA5610A645}"
EndProject
Project("{FAE04EC0-301F-11D3-BF4B-00C04F79EFBC}") = "Repositories", "Repositories\Repositories.csproj", "{68C4C712-C35D-45BD-A45C-CB3BE2C8357B}"
EndProject
Project("{FAE04EC0-301F-11D3-BF4B-00C04F79EFBC}") = "ServicesUnitTest", "ServicesUnitTest\ServicesUnitTest.csproj", "{19DB1C64-7BFD-406E-BAA8-7EBE03E0142A}"
EndProject
Project("{FAE04EC0-301F-11D3-BF4B-00C04F79EFBC}") = "Pressentation", "Pressentation\Pressentation.csproj", "{1303BA61-06A3-4B32-88EF-245F76847777}"
EndProject
Global
	GlobalSection(SolutionConfigurationPlatforms) = preSolution
		Debug|Any CPU = Debug|Any CPU
		Release|Any CPU = Release|Any CPU
	EndGlobalSection
	GlobalSection(ProjectConfigurationPlatforms) = postSolution
		{F7F5EC7A-38CF-4147-90BE-6DC662C5D722}.Debug|Any CPU.ActiveCfg = Debug|Any CPU
		{F7F5EC7A-38CF-4147-90BE-6DC662C5D722}.Debug|Any CPU.Build.0 = Debug|Any CPU
		{F7F5EC7A-38CF-4147-90BE-6DC662C5D722}.Release|Any CPU.ActiveCfg = Release|Any CPU
		{F7F5EC7A-38CF-4147-90BE-6DC662C5D722}.Release|Any CPU.Build.0 = Release|Any CPU
		{EB4F0D73-30EF-418F-8108-29BA5610A645}.Debug|Any CPU.ActiveCfg = Debug|Any CPU
		{EB4F0D73-30EF-418F-8108-29BA5610A645}.Debug|Any CPU.Build.0 = Debug|Any CPU
		{EB4F0D73-30EF-418F-8108-29BA5610A645}.Release|Any CPU.ActiveCfg = Release|Any CPU
		{EB4F0D73-30EF-418F-8108-29BA5610A645}.Release|Any CPU.Build.0 = Release|Any CPU
		{68C4C712-C35D-45BD-A45C-CB3BE2C8357B}.Debug|Any CPU.ActiveCfg = Debug|Any CPU
		{68C4C712-C35D-45BD-A45C-CB3BE2C8357B}.Debug|Any CPU.Build.0 = Debug|Any CPU
		{68C4C712-C35D-45BD-A45C-CB3BE2C8357B}.Release|Any CPU.ActiveCfg = Release|Any CPU
		{68C4C712-C35D-45BD-A45C-CB3BE2C8357B}.Release|Any CPU.Build.0 = Release|Any CPU
		{19DB1C64-7BFD-406E-BAA8-7EBE03E0142A}.Debug|Any CPU.ActiveCfg = Debug|Any CPU
		{19DB1C64-7BFD-406E-BAA8-7EBE03E0142A}.Debug|Any CPU.Build.0 = Debug|Any CPU
		{19DB1C64-7BFD-406E-BAA8-7EBE03E0142A}.Release|Any CPU.ActiveCfg = Release|Any CPU
		{19DB1C64-7BFD-406E-BAA8-7EBE03E0142A}.Release|Any CPU.Build.0 = Release|Any CPU
		{1303BA61-06A3-4B32-88EF-245F76847777}.Debug|Any CPU.ActiveCfg = Debug|Any CPU
		{1303BA61-06A3-4B32-88EF-245F76847777}.Debug|Any CPU.Build.0 = Debug|Any CPU
		{1303BA61-06A3-4B32-88EF-245F76847777}.Release|Any CPU.ActiveCfg = Release|Any CPU
		{1303BA61-06A3-4B32-88EF-245F76847777}.Release|Any CPU.Build.0 = Release|Any CPU
	EndGlobalSection
	GlobalSection(SolutionProperties) = preSolution
		HideSolutionNode = FALSE
	EndGlobalSection
	GlobalSection(ExtensibilityGlobals) = postSolution
		SolutionGuid = {49FD8436-7401-413A-BA77-8B7C50E19E50}
	EndGlobalSection
EndGlobal
